
Microsoft Visual Studio Solution File, Format Version 12.00
# Visual Studio Version 17
VisualStudioVersion = 17.0.31903.59
MinimumVisualStudioVersion = 10.0.40219.1
Project("{2150E333-8FDC-42A3-9474-1A3956D46DE8}") = "Api", "Api", "{F9DCA085-139A-4F2A-BA23-4F7B420557E5}"
EndProject
Project("{2150E333-8FDC-42A3-9474-1A3956D46DE8}") = "Core", "Core", "{8B855382-9B0F-40A1-B435-15A736E9F9AB}"
EndProject
Project("{FAE04EC0-301F-11D3-BF4B-00C04F79EFBC}") = "AiDoc.Core.Models", "Core\AiDoc.Core.Models\AiDoc.Core.Models.csproj", "{F1144C34-317B-44AC-ACBE-A73644A3254E}"
EndProject
Project("{FAE04EC0-301F-11D3-BF4B-00C04F79EFBC}") = "AiDoc.Core.Abstractions", "Core\AiDoc.Core.Abstractions\AiDoc.Core.Abstractions.csproj", "{6700E7CD-CA57-421D-A1C1-86D50B609429}"
EndProject
Project("{FAE04EC0-301F-11D3-BF4B-00C04F79EFBC}") = "AiDoc.Git", "AiDoc.Git\AiDoc.Git.csproj", "{332D35E7-9E58-49F5-A190-6CE778A068E3}"
EndProject
Project("{FAE04EC0-301F-11D3-BF4B-00C04F79EFBC}") = "AiDoc.Cli", "AiDoc.Cli\AiDoc.Cli.csproj", "{C19ECAF8-E24E-4D61-88F0-8DB0AC11F98E}"
EndProject
Project("{FAE04EC0-301F-11D3-BF4B-00C04F79EFBC}") = "AiDoc.AiClient", "AiDoc.AiClient\AiDoc.AiClient.csproj", "{BAEAE423-C3FE-4F29-B855-E034DC92CCE7}"
EndProject
Project("{FAE04EC0-301F-11D3-BF4B-00C04F79EFBC}") = "AiDoc.Application", "AiDoc.Application\AiDoc.Application.csproj", "{3A7F386A-ACFF-4DD4-9AEA-78BA1A7E3072}"
EndProject
Global
	GlobalSection(SolutionConfigurationPlatforms) = preSolution
		Debug|Any CPU = Debug|Any CPU
		Release|Any CPU = Release|Any CPU
	EndGlobalSection
	GlobalSection(SolutionProperties) = preSolution
		HideSolutionNode = FALSE
	EndGlobalSection
	GlobalSection(NestedProjects) = preSolution
		{F1144C34-317B-44AC-ACBE-A73644A3254E} = {8B855382-9B0F-40A1-B435-15A736E9F9AB}
		{6700E7CD-CA57-421D-A1C1-86D50B609429} = {8B855382-9B0F-40A1-B435-15A736E9F9AB}
		{332D35E7-9E58-49F5-A190-6CE778A068E3} = {8B855382-9B0F-40A1-B435-15A736E9F9AB}
	EndGlobalSection
	GlobalSection(ProjectConfigurationPlatforms) = postSolution
		{F1144C34-317B-44AC-ACBE-A73644A3254E}.Debug|Any CPU.ActiveCfg = Debug|Any CPU
		{F1144C34-317B-44AC-ACBE-A73644A3254E}.Debug|Any CPU.Build.0 = Debug|Any CPU
		{F1144C34-317B-44AC-ACBE-A73644A3254E}.Release|Any CPU.ActiveCfg = Release|Any CPU
		{F1144C34-317B-44AC-ACBE-A73644A3254E}.Release|Any CPU.Build.0 = Release|Any CPU
		{6700E7CD-CA57-421D-A1C1-86D50B609429}.Debug|Any CPU.ActiveCfg = Debug|Any CPU
		{6700E7CD-CA57-421D-A1C1-86D50B609429}.Debug|Any CPU.Build.0 = Debug|Any CPU
		{6700E7CD-CA57-421D-A1C1-86D50B609429}.Release|Any CPU.ActiveCfg = Release|Any CPU
		{6700E7CD-CA57-421D-A1C1-86D50B609429}.Release|Any CPU.Build.0 = Release|Any CPU
		{332D35E7-9E58-49F5-A190-6CE778A068E3}.Debug|Any CPU.ActiveCfg = Debug|Any CPU
		{332D35E7-9E58-49F5-A190-6CE778A068E3}.Debug|Any CPU.Build.0 = Debug|Any CPU
		{332D35E7-9E58-49F5-A190-6CE778A068E3}.Release|Any CPU.ActiveCfg = Release|Any CPU
		{332D35E7-9E58-49F5-A190-6CE778A068E3}.Release|Any CPU.Build.0 = Release|Any CPU
		{C19ECAF8-E24E-4D61-88F0-8DB0AC11F98E}.Debug|Any CPU.ActiveCfg = Debug|Any CPU
		{C19ECAF8-E24E-4D61-88F0-8DB0AC11F98E}.Debug|Any CPU.Build.0 = Debug|Any CPU
		{C19ECAF8-E24E-4D61-88F0-8DB0AC11F98E}.Release|Any CPU.ActiveCfg = Release|Any CPU
		{C19ECAF8-E24E-4D61-88F0-8DB0AC11F98E}.Release|Any CPU.Build.0 = Release|Any CPU
		{BAEAE423-C3FE-4F29-B855-E034DC92CCE7}.Debug|Any CPU.ActiveCfg = Debug|Any CPU
		{BAEAE423-C3FE-4F29-B855-E034DC92CCE7}.Debug|Any CPU.Build.0 = Debug|Any CPU
		{BAEAE423-C3FE-4F29-B855-E034DC92CCE7}.Release|Any CPU.ActiveCfg = Release|Any CPU
		{BAEAE423-C3FE-4F29-B855-E034DC92CCE7}.Release|Any CPU.Build.0 = Release|Any CPU
		{3A7F386A-ACFF-4DD4-9AEA-78BA1A7E3072}.Debug|Any CPU.ActiveCfg = Debug|Any CPU
		{3A7F386A-ACFF-4DD4-9AEA-78BA1A7E3072}.Debug|Any CPU.Build.0 = Debug|Any CPU
		{3A7F386A-ACFF-4DD4-9AEA-78BA1A7E3072}.Release|Any CPU.ActiveCfg = Release|Any CPU
		{3A7F386A-ACFF-4DD4-9AEA-78BA1A7E3072}.Release|Any CPU.Build.0 = Release|Any CPU
	EndGlobalSection
EndGlobal
